
Microsoft Visual Studio Solution File, Format Version 12.00
# Visual Studio Version 16
VisualStudioVersion = 16.0.30413.136
MinimumVisualStudioVersion = 10.0.40219.1
Project("{888888A0-9F3D-457C-B088-3A5042F75D52}") = "mid-term project", "mid-term project.pyproj", "{6FA1BCB5-845C-4B3C-BAF9-B35C319D75C7}"
EndProject
Global
	GlobalSection(SolutionConfigurationPlatforms) = preSolution
		Debug|Any CPU = Debug|Any CPU
		Release|Any CPU = Release|Any CPU
	EndGlobalSection
	GlobalSection(ProjectConfigurationPlatforms) = postSolution
		{6FA1BCB5-845C-4B3C-BAF9-B35C319D75C7}.Debug|Any CPU.ActiveCfg = Debug|Any CPU
		{6FA1BCB5-845C-4B3C-BAF9-B35C319D75C7}.Release|Any CPU.ActiveCfg = Release|Any CPU
	EndGlobalSection
	GlobalSection(SolutionProperties) = preSolution
		HideSolutionNode = FALSE
	EndGlobalSection
	GlobalSection(ExtensibilityGlobals) = postSolution
		SolutionGuid = {8B36938F-DD1C-4D81-A283-8DAB204FD657}
	EndGlobalSection
EndGlobal
